<?xml version="1.0" encoding="UTF-8" standalone="yes" ?>
<CodeBlocks_project_file>
	<FileVersion major="1" minor="6" />
	<Project>
		<Option title="WaveBricks" />
		<Option pch_mode="2" />
		<Option compiler="gcc" />
		<Build>
			<Target title="Debug">
				<Option output="bin/Debug/Weed Op" prefix_auto="1" extension_auto="1" />
				<Option working_dir="C:/Weed Op/Weed-Op/freeglut/bin" />
				<Option object_output="obj/Debug/" />
				<Option type="1" />
				<Option compiler="gcc" />
				<Compiler>
					<Add option="-g" />
					<Add directory="include" />
				</Compiler>
			</Target>
			<Target title="Release">
				<Option output="bin/Release/Weed Op" prefix_auto="1" extension_auto="1" />
				<Option working_dir="C:/Weed Op/Weed-Op/freeglut/bin" />
				<Option object_output="obj/Release/" />
				<Option type="0" />
				<Option compiler="gcc" />
				<Compiler>
					<Add option="-O2" />
					<Add directory="include" />
				</Compiler>
				<Linker>
					<Add option="-s" />
				</Linker>
			</Target>
		</Build>
		<Compiler>
			<Add option="-Wall" />
			<Add directory="C:/Weed Op/Weed-Op/freeglut/include" />
		</Compiler>
		<Linker>
			<Add library="freeglut" />
			<Add library="opengl32" />
			<Add library="glu32" />
			<Add library="winmm" />
			<Add library="gdi32" />
			<Add directory="C:/Weed Op/Weed-Op/freeglut/lib" />
		</Linker>
		<Unit filename="../glui-master/include/GL/glui.h" />
		<Unit filename="AviFile.cpp" />
		<Unit filename="AviFile.h" />
		<Unit filename="Bitmap.h">
			<Option target="&lt;{~None~}&gt;" />
		</Unit>
		<Unit filename="ImgStream.cpp" />
		<Unit filename="ImgStream.h" />
		<Unit filename="ImgStream.rc">
			<Option compilerVar="WINDRES" />
		</Unit>
		<Unit filename="Resource.h" />
		<Unit filename="al.h" />
		<Unit filename="alc.h" />
		<Unit filename="alut.h" />
		<Unit filename="entities.cpp" />
		<Unit filename="file.cpp" />
		<Unit filename="main.cpp" />
		<Unit filename="new.h" />
		<Unit filename="soundcard.h" />
		<Extensions>
			<code_completion />
			<envvars />
			<debugger />
		</Extensions>
	</Project>
</CodeBlocks_project_file>
